<?xml version="1.0" encoding="utf-8"?>
<Project ToolsVersion="4.0" xmlns="http://schemas.microsoft.com/developer/msbuild/2003">
  <ItemGroup>
    <Filter Include="Proto">
      <UniqueIdentifier>{6aca3312-f316-4e60-b6c7-75c0f5285847}</UniqueIdentifier>
    </Filter>
  </ItemGroup>
  <ItemGroup>
    <ClCompile Include="..\Message\Msg_Game.pb.cc">
      <Filter>Proto</Filter>
    </ClCompile>
    <ClCompile Include="..\Message\Msg_ID.pb.cc">
      <Filter>Proto</Filter>
    </ClCompile>
    <ClCompile Include="..\Message\Msg_RetCode.pb.cc">
      <Filter>Proto</Filter>
    </ClCompile>
    <ClCompile Include="CenterMsgHandler.cpp" />
    <ClCompile Include="GameService.cpp" />
    <ClCompile Include="LogicSvrMgr.cpp" />
    <ClCompile Include="Main.cpp" />
    <ClCompile Include="stdafx.cpp" />
  </ItemGroup>
  <ItemGroup>
    <ClInclude Include="CenterMsgHandler.h" />
    <ClInclude Include="GameService.h" />
    <ClInclude Include="LogicSvrMgr.h" />
    <ClInclude Include="stdafx.h" />
  </ItemGroup>
  <ItemGroup>
    <None Include="ReadMe.txt" />
  </ItemGroup>
</Project>