<?xml version="1.0" encoding="utf-8"?>
<Project ToolsVersion="4.0" xmlns="http://schemas.microsoft.com/developer/msbuild/2003">
  <ItemGroup>
    <Filter Include="ServerData">
      <UniqueIdentifier>{913de128-cbda-4ce2-9716-099610d60508}</UniqueIdentifier>
    </Filter>
    <Filter Include="Proto">
      <UniqueIdentifier>{624aba6b-aa13-4379-8e5d-dd4bee847a7e}</UniqueIdentifier>
    </Filter>
    <Filter Include="Pkg">
      <UniqueIdentifier>{9146afe4-c658-4975-8aca-ccd4e602a42c}</UniqueIdentifier>
    </Filter>
    <Filter Include="StaticData">
      <UniqueIdentifier>{aa905f56-049e-445f-a450-395241343af6}</UniqueIdentifier>
    </Filter>
  </ItemGroup>
  <ItemGroup>
    <ClCompile Include="..\StaticData\StaticData.cpp">
      <Filter>StaticData</Filter>
    </ClCompile>
    <ClCompile Include="..\Message\Msg_RetCode.pb.cc">
      <Filter>Proto</Filter>
    </ClCompile>
    <ClCompile Include="..\Message\Msg_Copy.pb.cc">
      <Filter>Proto</Filter>
    </ClCompile>
    <ClCompile Include="..\Message\Msg_LoginDBData.pb.cc">
      <Filter>Proto</Filter>
    </ClCompile>
    <ClCompile Include="..\Message\Msg_Game.pb.cc">
      <Filter>Proto</Filter>
    </ClCompile>
    <ClCompile Include="..\Message\Msg_LoginCltData.pb.cc">
      <Filter>Proto</Filter>
    </ClCompile>
    <ClCompile Include="..\Message\Game_Define.pb.cc">
      <Filter>Proto</Filter>
    </ClCompile>
    <ClCompile Include="..\Message\Msg_ID.pb.cc">
      <Filter>Proto</Filter>
    </ClCompile>
    <ClCompile Include="..\StaticData\CppSQLite3.cpp">
      <Filter>StaticData</Filter>
    </ClCompile>
    <ClCompile Include="ActivityManager.cpp" />
    <ClCompile Include="ActivityModule.cpp" />
    <ClCompile Include="BagModule.cpp" />
    <ClCompile Include="CopyModule.cpp" />
    <ClCompile Include="CounterModule.cpp" />
    <ClCompile Include="DataPool.cpp" />
    <ClCompile Include="EquipModule.cpp" />
    <ClCompile Include="FriendModule.cpp" />
    <ClCompile Include="GameService.cpp" />
    <ClCompile Include="GameSvrMgr.cpp" />
    <ClCompile Include="GemModule.cpp" />
    <ClCompile Include="GlobalDataMgr.cpp" />
    <ClCompile Include="GmCommand.cpp" />
    <ClCompile Include="GroupMailMgr.cpp" />
    <ClCompile Include="Guild.cpp" />
    <ClCompile Include="GuildManager.cpp" />
    <ClCompile Include="LogicMsgHandler.cpp" />
    <ClCompile Include="LogManager.cpp" />
    <ClCompile Include="MailModule.cpp" />
    <ClCompile Include="Main.cpp" />
    <ClCompile Include="ModuleBase.cpp" />
    <ClCompile Include="MountModule.cpp" />
    <ClCompile Include="PartnerModule.cpp" />
    <ClCompile Include="PayManager.cpp" />
    <ClCompile Include="PetModule.cpp" />
    <ClCompile Include="PlayerManager.cpp" />
    <ClCompile Include="PlayerObject.cpp" />
    <ClCompile Include="RankMananger.cpp" />
    <ClCompile Include="RoleModule.cpp" />
    <ClCompile Include="SimpleManager.cpp" />
    <ClCompile Include="SkillModule.cpp" />
    <ClCompile Include="stdafx.cpp" />
    <ClCompile Include="StoreModule.cpp" />
    <ClCompile Include="TaskModule.cpp" />
    <ClCompile Include="WebCommandHandler.cpp" />
  </ItemGroup>
  <ItemGroup>
    <ClInclude Include="..\ServerData\ServerStruct.h">
      <Filter>ServerData</Filter>
    </ClInclude>
    <ClInclude Include="..\ServerData\RoleData.h">
      <Filter>ServerData</Filter>
    </ClInclude>
    <ClInclude Include="..\ServerData\ServerDefine.h">
      <Filter>ServerData</Filter>
    </ClInclude>
    <ClInclude Include="..\ServerData\BagData.h">
      <Filter>ServerData</Filter>
    </ClInclude>
    <ClInclude Include="..\ServerData\CopyData.h">
      <Filter>ServerData</Filter>
    </ClInclude>
    <ClInclude Include="..\ServerData\PetData.h">
      <Filter>ServerData</Filter>
    </ClInclude>
    <ClInclude Include="..\Message\Msg_RetCode.pb.h">
      <Filter>Proto</Filter>
    </ClInclude>
    <ClInclude Include="..\ServerData\GlobalData.h">
      <Filter>ServerData</Filter>
    </ClInclude>
    <ClInclude Include="..\ServerData\EquipData.h">
      <Filter>ServerData</Filter>
    </ClInclude>
    <ClInclude Include="..\ServerData\PartnerData.h">
      <Filter>ServerData</Filter>
    </ClInclude>
    <ClInclude Include="..\Message\Msg_Copy.pb.h">
      <Filter>Proto</Filter>
    </ClInclude>
    <ClInclude Include="..\Message\Msg_Game.pb.h">
      <Filter>Proto</Filter>
    </ClInclude>
    <ClInclude Include="..\Message\Msg_LoginCltData.pb.h">
      <Filter>Proto</Filter>
    </ClInclude>
    <ClInclude Include="..\Message\Msg_LoginDBData.pb.h">
      <Filter>Proto</Filter>
    </ClInclude>
    <ClInclude Include="..\ServerData\GuildData.h">
      <Filter>ServerData</Filter>
    </ClInclude>
    <ClInclude Include="..\ServerData\MailData.h">
      <Filter>ServerData</Filter>
    </ClInclude>
    <ClInclude Include="..\Message\Game_Define.pb.h">
      <Filter>Proto</Filter>
    </ClInclude>
    <ClInclude Include="..\ServerData\MountData.h">
      <Filter>ServerData</Filter>
    </ClInclude>
    <ClInclude Include="..\StaticData\ConfigDefine.h">
      <Filter>StaticData</Filter>
    </ClInclude>
    <ClInclude Include="..\ServerData\ActivityData.h">
      <Filter>ServerData</Filter>
    </ClInclude>
    <ClInclude Include="..\ServerData\CounterData.h">
      <Filter>ServerData</Filter>
    </ClInclude>
    <ClInclude Include="..\ServerData\FriendData.h">
      <Filter>ServerData</Filter>
    </ClInclude>
    <ClInclude Include="..\Message\Msg_ID.pb.h">
      <Filter>Proto</Filter>
    </ClInclude>
    <ClInclude Include="..\StaticData\CppSQLite3.h">
      <Filter>StaticData</Filter>
    </ClInclude>
    <ClInclude Include="..\ServerData\StoreData.h">
      <Filter>ServerData</Filter>
    </ClInclude>
    <ClInclude Include="..\ServerData\GemData.h">
      <Filter>ServerData</Filter>
    </ClInclude>
    <ClInclude Include="..\ServerData\TaskData.h">
      <Filter>ServerData</Filter>
    </ClInclude>
    <ClInclude Include="..\ServerData\SkillData.h">
      <Filter>ServerData</Filter>
    </ClInclude>
    <ClInclude Include="ActivityManager.h" />
    <ClInclude Include="ActivityModule.h" />
    <ClInclude Include="BagModule.h" />
    <ClInclude Include="CopyModule.h" />
    <ClInclude Include="CounterModule.h" />
    <ClInclude Include="DataPool.h" />
    <ClInclude Include="EquipModule.h" />
    <ClInclude Include="FriendModule.h" />
    <ClInclude Include="GameService.h" />
    <ClInclude Include="GameSvrMgr.h" />
    <ClInclude Include="GemModule.h" />
    <ClInclude Include="GlobalDataMgr.h" />
    <ClInclude Include="GmCommand.h" />
    <ClInclude Include="GroupMailMgr.h" />
    <ClInclude Include="Guild.h" />
    <ClInclude Include="GuildManager.h" />
    <ClInclude Include="LogicMsgHandler.h" />
    <ClInclude Include="LogManager.h" />
    <ClInclude Include="MailModule.h" />
    <ClInclude Include="ModuleBase.h" />
    <ClInclude Include="MountModule.h" />
    <ClInclude Include="PartnerModule.h" />
    <ClInclude Include="PayManager.h" />
    <ClInclude Include="PetModule.h" />
    <ClInclude Include="PlayerManager.h" />
    <ClInclude Include="PlayerObject.h" />
    <ClInclude Include="RankMananger.h" />
    <ClInclude Include="RoleModule.h" />
    <ClInclude Include="SimpleManager.h" />
    <ClInclude Include="SkillModule.h" />
    <ClInclude Include="..\StaticData\StaticData.h" />
    <ClInclude Include="..\StaticData\StaticStruct.h" />
    <ClInclude Include="stdafx.h" />
    <ClInclude Include="StoreModule.h" />
    <ClInclude Include="TaskModule.h" />
  </ItemGroup>
</Project>