<?xml version="1.0" encoding="utf-8"?>
<Project ToolsVersion="4.0" xmlns="http://schemas.microsoft.com/developer/msbuild/2003">
  <ItemGroup>
    <Filter Include="Proto">
      <UniqueIdentifier>{c128d83e-83f6-45fd-933f-787460969e2c}</UniqueIdentifier>
    </Filter>
  </ItemGroup>
  <ItemGroup>
    <ClCompile Include="..\Message\Msg_Game.pb.cc">
      <Filter>Proto</Filter>
    </ClCompile>
    <ClCompile Include="stdafx.cpp" />
    <ClCompile Include="AccountManager.cpp" />
    <ClCompile Include="AccountMsgHandler.cpp" />
    <ClCompile Include="GameService.cpp" />
    <ClCompile Include="Main.cpp" />
  </ItemGroup>
  <ItemGroup>
    <ClInclude Include="..\Message\Msg_Game.pb.h">
      <Filter>Proto</Filter>
    </ClInclude>
    <ClInclude Include="AccountManager.h" />
    <ClInclude Include="AccountMsgHandler.h" />
    <ClInclude Include="GameService.h" />
    <ClInclude Include="stdafx.h" />
  </ItemGroup>
</Project>