<?xml version="1.0" encoding="utf-8"?>
<Project ToolsVersion="4.0" xmlns="http://schemas.microsoft.com/developer/msbuild/2003">
  <ItemGroup>
    <Filter Include="Common">
      <UniqueIdentifier>{fe1551b5-b5b2-4875-b079-2f2e3ce8619f}</UniqueIdentifier>
    </Filter>
    <Filter Include="DBInterface">
      <UniqueIdentifier>{63ab26cc-3f0e-4dcc-b2aa-940e2aa94be7}</UniqueIdentifier>
    </Filter>
  </ItemGroup>
  <ItemGroup>
    <ClCompile Include="CommonConvert.cpp">
      <Filter>Common</Filter>
    </ClCompile>
    <ClCompile Include="CommonFunc.cpp">
      <Filter>Common</Filter>
    </ClCompile>
    <ClCompile Include="CommonSocket.cpp">
      <Filter>Common</Filter>
    </ClCompile>
    <ClCompile Include="CommonThreadFunc.cpp">
      <Filter>Common</Filter>
    </ClCompile>
    <ClCompile Include="AstarFinder.cpp">
      <Filter>Common</Filter>
    </ClCompile>
    <ClCompile Include="SharedMemory.cpp">
      <Filter>Common</Filter>
    </ClCompile>
    <ClCompile Include="CommonWorkThread.cpp">
      <Filter>Common</Filter>
    </ClCompile>
    <ClCompile Include="ConfigFile.cpp">
      <Filter>Common</Filter>
    </ClCompile>
    <ClCompile Include="DataBuffer.cpp">
      <Filter>Common</Filter>
    </ClCompile>
    <ClCompile Include="TimerManager.cpp">
      <Filter>Common</Filter>
    </ClCompile>
    <ClCompile Include="DBInterface\CppMysql.cpp">
      <Filter>DBInterface</Filter>
    </ClCompile>
    <ClCompile Include="DBInterface\DBConnection.cpp">
      <Filter>DBInterface</Filter>
    </ClCompile>
    <ClCompile Include="DBInterface\DBRecordSet.cpp">
      <Filter>DBInterface</Filter>
    </ClCompile>
    <ClCompile Include="DBInterface\DBStoredProc.cpp">
      <Filter>DBInterface</Filter>
    </ClCompile>
    <ClCompile Include="DFA.cpp">
      <Filter>Common</Filter>
    </ClCompile>
    <ClCompile Include="CommandLine.cpp">
      <Filter>Common</Filter>
    </ClCompile>
    <ClCompile Include="Connection.cpp" />
    <ClCompile Include="CrashReport.cpp" />
    <ClCompile Include="HttpParameter.cpp" />
    <ClCompile Include="Log.cpp" />
    <ClCompile Include="LuaManager.cpp" />
    <ClCompile Include="NetManager.cpp" />
    <ClCompile Include="ServiceBase.cpp" />
    <ClCompile Include="stdafx.cpp" />
  </ItemGroup>
  <ItemGroup>
    <ClInclude Include="CommonConvert.h">
      <Filter>Common</Filter>
    </ClInclude>
    <ClInclude Include="CommonFunc.h">
      <Filter>Common</Filter>
    </ClInclude>
    <ClInclude Include="CommonSocket.h">
      <Filter>Common</Filter>
    </ClInclude>
    <ClInclude Include="CommonThreadFunc.h">
      <Filter>Common</Filter>
    </ClInclude>
    <ClInclude Include="AstarFinder.h">
      <Filter>Common</Filter>
    </ClInclude>
    <ClInclude Include="CommonWorkThread.h">
      <Filter>Common</Filter>
    </ClInclude>
    <ClInclude Include="ConfigFile.h">
      <Filter>Common</Filter>
    </ClInclude>
    <ClInclude Include="EventFuncManager.h">
      <Filter>Common</Filter>
    </ClInclude>
    <ClInclude Include="TimerManager.h">
      <Filter>Common</Filter>
    </ClInclude>
    <ClInclude Include="SharedMemory.h">
      <Filter>Common</Filter>
    </ClInclude>
    <ClInclude Include="DataBuffer.h">
      <Filter>Common</Filter>
    </ClInclude>
    <ClInclude Include="DBInterface\CppMysql.h">
      <Filter>DBInterface</Filter>
    </ClInclude>
    <ClInclude Include="DBInterface\DBConnection.h">
      <Filter>DBInterface</Filter>
    </ClInclude>
    <ClInclude Include="DBInterface\DBRecordSet.h">
      <Filter>DBInterface</Filter>
    </ClInclude>
    <ClInclude Include="DBInterface\DBStoredProc.h">
      <Filter>DBInterface</Filter>
    </ClInclude>
    <ClInclude Include="LockFreeQueue.h">
      <Filter>Common</Filter>
    </ClInclude>
    <ClInclude Include="LockFreeQueueImpl.h">
      <Filter>Common</Filter>
    </ClInclude>
    <ClInclude Include="CommonMsgQueue.h">
      <Filter>Common</Filter>
    </ClInclude>
    <ClInclude Include="DBInterface\DBInterface.h">
      <Filter>DBInterface</Filter>
    </ClInclude>
    <ClInclude Include="XMath.h">
      <Filter>Common</Filter>
    </ClInclude>
    <ClInclude Include="DFA.h">
      <Filter>Common</Filter>
    </ClInclude>
    <ClInclude Include="CommandLine.h">
      <Filter>Common</Filter>
    </ClInclude>
    <ClInclude Include="Rank.h">
      <Filter>Common</Filter>
    </ClInclude>
    <ClInclude Include="CritSec.h">
      <Filter>Common</Filter>
    </ClInclude>
    <ClInclude Include="CritSecNotify.h">
      <Filter>Common</Filter>
    </ClInclude>
    <ClInclude Include="SpinLock.h">
      <Filter>Common</Filter>
    </ClInclude>
    <ClInclude Include="AVLTree.h">
      <Filter>Common</Filter>
    </ClInclude>
    <ClInclude Include="MemObjectPool.h">
      <Filter>Common</Filter>
    </ClInclude>
    <ClInclude Include="Connection.h" />
    <ClInclude Include="CrashReport.h" />
    <ClInclude Include="HttpParameter.h" />
    <ClInclude Include="Log.h" />
    <ClInclude Include="LuaManager.h" />
    <ClInclude Include="NetManager.h" />
    <ClInclude Include="Platform.h" />
    <ClInclude Include="ServerEngine.h" />
    <ClInclude Include="ServiceBase.h" />
    <ClInclude Include="stdafx.h" />
  </ItemGroup>
  <ItemGroup>
    <None Include="ReadMe.txt" />
  </ItemGroup>
</Project>