<?xml version="1.0" encoding="utf-8"?>
<Project ToolsVersion="4.0" xmlns="http://schemas.microsoft.com/developer/msbuild/2003">
  <ItemGroup>
    <Filter Include="Proto">
      <UniqueIdentifier>{7b4ccd1e-2ddd-41f6-8170-f91b9619a9fe}</UniqueIdentifier>
    </Filter>
  </ItemGroup>
  <ItemGroup>
    <ClCompile Include="..\Message\Msg_ID.pb.cc">
      <Filter>Proto</Filter>
    </ClCompile>
    <ClCompile Include="..\Message\Msg_Game.pb.cc">
      <Filter>Proto</Filter>
    </ClCompile>
    <ClCompile Include="GameService.cpp" />
    <ClCompile Include="LogicSvrManager.cpp" />
    <ClCompile Include="LoginMsgHandler.cpp" />
    <ClCompile Include="Main.cpp" />
    <ClCompile Include="stdafx.cpp" />
    <ClCompile Include="WebCommandHandler.cpp" />
  </ItemGroup>
  <ItemGroup>
    <ClInclude Include="..\Message\Msg_ID.pb.h">
      <Filter>Proto</Filter>
    </ClInclude>
    <ClInclude Include="..\Message\Msg_Game.pb.h">
      <Filter>Proto</Filter>
    </ClInclude>
    <ClInclude Include="GameService.h" />
    <ClInclude Include="LogicSvrManager.h" />
    <ClInclude Include="LoginMsgHandler.h" />
    <ClInclude Include="stdafx.h" />
  </ItemGroup>
</Project>